<?xml version="1.0" encoding="utf-8"?>
<Project ToolsVersion="4.0" xmlns="http://schemas.microsoft.com/developer/msbuild/2003">
  <ItemGroup>
    <Filter Include="Source Files">
      <UniqueIdentifier>{4FC737F1-C7A5-4376-A066-2A32D752A2FF}</UniqueIdentifier>
      <Extensions>cpp;c;cc;cxx;def;odl;idl;hpj;bat;asm;asmx</Extensions>
    </Filter>
    <Filter Include="Header Files">
      <UniqueIdentifier>{93995380-89BD-4b04-88EB-625FBE52EBFB}</UniqueIdentifier>
      <Extensions>h;hh;hpp;hxx;hm;inl;inc;xsd</Extensions>
    </Filter>
    <Filter Include="Resource Files">
      <UniqueIdentifier>{67DA6AB6-F800-4c08-8B7A-83BB121AAD01}</UniqueIdentifier>
      <Extensions>rc;ico;cur;bmp;dlg;rc2;rct;bin;rgs;gif;jpg;jpeg;jpe;resx;tiff;tif;png;wav;mfcribbon-ms</Extensions>
    </Filter>
    <Filter Include="Header Files\Framework">
      <UniqueIdentifier>{e47fbe22-2e41-4f6c-a2c3-056c8a75af31}</UniqueIdentifier>
    </Filter>
    <Filter Include="Source Files\Framework">
      <UniqueIdentifier>{c31bca83-1110-447a-86ea-ef99356fa903}</UniqueIdentifier>
    </Filter>
    <Filter Include="Header Files\Objects">
      <UniqueIdentifier>{9ed00a03-7485-4239-8653-0dfe99bc3509}</UniqueIdentifier>
    </Filter>
    <Filter Include="Source Files\Objects">
      <UniqueIdentifier>{37c5a653-eabd-417a-b976-e928086c7205}</UniqueIdentifier>
    </Filter>
    <Filter Include="Header Files\Framework\TiledJsonParser">
      <UniqueIdentifier>{6b18fc54-cb9e-407d-8e2a-d554fb3c44a5}</UniqueIdentifier>
    </Filter>
    <Filter Include="Source Files\Framework\TiledJsonParser">
      <UniqueIdentifier>{82c8406d-d4ef-4f9c-a3a4-b7800775736c}</UniqueIdentifier>
    </Filter>
    <Filter Include="Header Files\Objects\items">
      <UniqueIdentifier>{27bbf91d-cdcb-4ff2-ba51-b7aa5b4ac39f}</UniqueIdentifier>
    </Filter>
    <Filter Include="Source Files\Objects\items">
      <UniqueIdentifier>{28ecaf50-2aec-42e8-9a64-26fa5fd75152}</UniqueIdentifier>
    </Filter>
    <Filter Include="Header Files\Objects\overlayboard">
      <UniqueIdentifier>{43620702-b414-42c7-afb8-4da8ea4d71b0}</UniqueIdentifier>
    </Filter>
    <Filter Include="Source Files\Objects\overlayboard">
      <UniqueIdentifier>{0d399e35-72d3-4fbf-a9f6-55a3beb7abd4}</UniqueIdentifier>
    </Filter>
    <Filter Include="Header Files\Objects\events">
      <UniqueIdentifier>{39fd4084-5474-4c59-8baa-48fb64b039dc}</UniqueIdentifier>
    </Filter>
    <Filter Include="Source Files\Objects\effects">
      <UniqueIdentifier>{2583f7e2-9c06-4fb3-805b-ecd6108da4e7}</UniqueIdentifier>
    </Filter>
    <Filter Include="Source Files\Objects\itemholders">
      <UniqueIdentifier>{8830c759-b243-4d6f-a980-3d031bd7399e}</UniqueIdentifier>
    </Filter>
    <Filter Include="Header Files\Objects\itemholders">
      <UniqueIdentifier>{a11f45f2-a2b4-4873-aaf0-7291803a27ca}</UniqueIdentifier>
    </Filter>
    <Filter Include="Header Files\Objects\simon">
      <UniqueIdentifier>{c9016028-6169-47be-9f76-062632c339ba}</UniqueIdentifier>
    </Filter>
    <Filter Include="Header Files\Objects\effects">
      <UniqueIdentifier>{03cec3a1-812d-42a4-91d0-5204fafe84cd}</UniqueIdentifier>
    </Filter>
    <Filter Include="Source Files\Objects\simon">
      <UniqueIdentifier>{2ae42964-a0f7-4211-93e3-b5dc8c97a813}</UniqueIdentifier>
    </Filter>
    <Filter Include="Header Files\Objects\simon\weapons">
      <UniqueIdentifier>{e4fa19a5-c7c9-4b20-a2d6-8cd271c76057}</UniqueIdentifier>
    </Filter>
    <Filter Include="Source Files\Objects\simon\weapons">
      <UniqueIdentifier>{bb0b0e39-feec-42d1-9bbf-19322c5fc312}</UniqueIdentifier>
    </Filter>
    <Filter Include="Header Files\Objects\simon\weapons\Dagger">
      <UniqueIdentifier>{6603c984-1c49-47c7-bef3-cd3356d71b82}</UniqueIdentifier>
    </Filter>
    <Filter Include="Source Files\Objects\simon\weapons\dagger">
      <UniqueIdentifier>{41a90695-655e-4252-8da2-90300d0723f8}</UniqueIdentifier>
    </Filter>
    <Filter Include="Source Files\Objects\events">
      <UniqueIdentifier>{278fb8d1-8b55-4d42-b66d-1c513b0c8781}</UniqueIdentifier>
    </Filter>
    <Filter Include="Header Files\Objects\monsters">
      <UniqueIdentifier>{5198377b-c245-450c-9903-f1998d47b2f9}</UniqueIdentifier>
    </Filter>
    <Filter Include="Source Files\Objects\monsters">
      <UniqueIdentifier>{b55a5855-f153-4358-a97a-0d3c0359444b}</UniqueIdentifier>
    </Filter>
    <Filter Include="Header Files\Objects\monsters\spawner">
      <UniqueIdentifier>{cbc0488e-1d32-4329-92a7-0c9c32392d6b}</UniqueIdentifier>
    </Filter>
    <Filter Include="Source Files\Objects\monsters\spawner">
      <UniqueIdentifier>{36510455-cbce-461b-9acc-e6fd507e237e}</UniqueIdentifier>
    </Filter>
    <Filter Include="Header Files\Objects\stair">
      <UniqueIdentifier>{bfa7cce9-f0bf-441c-a0aa-53bcb68554c8}</UniqueIdentifier>
    </Filter>
    <Filter Include="Source Files\Objects\stair">
      <UniqueIdentifier>{c348ab74-4c07-4938-b15d-1c706a3f4829}</UniqueIdentifier>
    </Filter>
  </ItemGroup>
  <ItemGroup>
    <ClInclude Include="Game.h">
      <Filter>Header Files\Framework</Filter>
    </ClInclude>
    <ClInclude Include="GameObject.h">
      <Filter>Header Files\Framework</Filter>
    </ClInclude>
    <ClInclude Include="Textures.h">
      <Filter>Header Files\Framework</Filter>
    </ClInclude>
    <ClInclude Include="Animation.h">
      <Filter>Header Files\Framework</Filter>
    </ClInclude>
    <ClInclude Include="AnimationFrame.h">
      <Filter>Header Files\Framework</Filter>
    </ClInclude>
    <ClInclude Include="Animations.h">
      <Filter>Header Files\Framework</Filter>
    </ClInclude>
    <ClInclude Include="Debug.h">
      <Filter>Header Files\Framework</Filter>
    </ClInclude>
    <ClInclude Include="KeyHandler.h">
      <Filter>Header Files\Framework</Filter>
    </ClInclude>
    <ClInclude Include="Sprite.h">
      <Filter>Header Files\Framework</Filter>
    </ClInclude>
    <ClInclude Include="Sprites.h">
      <Filter>Header Files\Framework</Filter>
    </ClInclude>
    <ClInclude Include="Utility.h">
      <Filter>Header Files\Framework</Filter>
    </ClInclude>
    <ClInclude Include="MoveableObject.h">
      <Filter>Header Files\Framework</Filter>
    </ClInclude>
    <ClInclude Include="Camera.h">
      <Filter>Header Files\Framework</Filter>
    </ClInclude>
    <ClInclude Include="TiledMap.h">
      <Filter>Header Files\Framework\TiledJsonParser</Filter>
    </ClInclude>
    <ClInclude Include="TiledTileset.h">
      <Filter>Header Files\Framework\TiledJsonParser</Filter>
    </ClInclude>
    <ClInclude Include="TiledTile.h">
      <Filter>Header Files\Framework\TiledJsonParser</Filter>
    </ClInclude>
    <ClInclude Include="TiledLayer.h">
      <Filter>Header Files\Framework\TiledJsonParser</Filter>
    </ClInclude>
    <ClInclude Include="TiledObject.h">
      <Filter>Header Files\Framework\TiledJsonParser</Filter>
    </ClInclude>
    <ClInclude Include="UnseenForce.h">
      <Filter>Header Files\Objects</Filter>
    </ClInclude>
    <ClInclude Include="Timer.h">
      <Filter>Header Files\Framework</Filter>
    </ClInclude>
    <ClInclude Include="BigHeart.h">
      <Filter>Header Files\Objects\items</Filter>
    </ClInclude>
    <ClInclude Include="RopeItem.h">
      <Filter>Header Files\Objects\items</Filter>
    </ClInclude>
    <ClInclude Include="TimeFreezer.h">
      <Filter>Header Files\Framework</Filter>
    </ClInclude>
    <ClInclude Include="ItemObject.h">
      <Filter>Header Files\Objects\items</Filter>
    </ClInclude>
    <ClInclude Include="ARGB.h">
      <Filter>Header Files\Framework</Filter>
    </ClInclude>
    <ClInclude Include="OverlayBoard.h">
      <Filter>Header Files\Objects\overlayboard</Filter>
    </ClInclude>
    <ClInclude Include="HealthIcon.h">
      <Filter>Header Files\Objects\overlayboard</Filter>
    </ClInclude>
    <ClInclude Include="ItemFrame.h">
      <Filter>Header Files\Objects\overlayboard</Filter>
    </ClInclude>
    <ClInclude Include="HeartIcon.h">
      <Filter>Header Files\Objects\overlayboard</Filter>
    </ClInclude>
    <ClInclude Include="EventObject.h">
      <Filter>Header Files\Objects\events</Filter>
    </ClInclude>
    <ClInclude Include="ItemHolder.h">
      <Filter>Header Files\Objects\itemholders</Filter>
    </ClInclude>
    <ClInclude Include="Torch.h">
      <Filter>Header Files\Objects\itemholders</Filter>
    </ClInclude>
    <ClInclude Include="Simon.h">
      <Filter>Header Files\Objects\simon</Filter>
    </ClInclude>
    <ClInclude Include="SimonRope.h">
      <Filter>Header Files\Objects\simon</Filter>
    </ClInclude>
    <ClInclude Include="EffectObject.h">
      <Filter>Header Files\Objects\effects</Filter>
    </ClInclude>
    <ClInclude Include="FlameEffect.h">
      <Filter>Header Files\Objects\effects</Filter>
    </ClInclude>
    <ClInclude Include="Weapon.h">
      <Filter>Header Files\Objects\simon\weapons</Filter>
    </ClInclude>
    <ClInclude Include="Maps.h">
      <Filter>Header Files\Framework</Filter>
    </ClInclude>
    <ClInclude Include="DaggerItem.h">
      <Filter>Header Files\Objects\items</Filter>
    </ClInclude>
    <ClInclude Include="DaggerProjectile.h">
      <Filter>Header Files\Objects\simon\weapons\Dagger</Filter>
    </ClInclude>
    <ClInclude Include="Dagger.h">
      <Filter>Header Files\Objects\simon\weapons\Dagger</Filter>
    </ClInclude>
    <ClInclude Include="AutoWalkEvent.h">
      <Filter>Header Files\Objects\events</Filter>
    </ClInclude>
    <ClInclude Include="TeleportEvent.h">
      <Filter>Header Files\Objects\events</Filter>
    </ClInclude>
    <ClInclude Include="Candle.h">
      <Filter>Header Files\Objects\itemholders</Filter>
    </ClInclude>
    <ClInclude Include="TinyHeart.h">
      <Filter>Header Files\Objects\items</Filter>
    </ClInclude>
    <ClInclude Include="Monster.h">
      <Filter>Header Files\Objects\monsters</Filter>
    </ClInclude>
    <ClInclude Include="Zombie.h">
      <Filter>Header Files\Objects\monsters</Filter>
    </ClInclude>
    <ClInclude Include="Spawner.h">
      <Filter>Header Files\Objects\monsters\spawner</Filter>
    </ClInclude>
    <ClInclude Include="AutoMover.h">
      <Filter>Header Files\Objects</Filter>
    </ClInclude>
    <ClInclude Include="Stairs.h">
      <Filter>Header Files\Objects\stair</Filter>
    </ClInclude>
  </ItemGroup>
  <ItemGroup>
    <ClCompile Include="main.cpp">
      <Filter>Source Files</Filter>
    </ClCompile>
    <ClCompile Include="Game.cpp">
      <Filter>Source Files\Framework</Filter>
    </ClCompile>
    <ClCompile Include="GameObject.cpp">
      <Filter>Source Files\Framework</Filter>
    </ClCompile>
    <ClCompile Include="Textures.cpp">
      <Filter>Source Files\Framework</Filter>
    </ClCompile>
    <ClCompile Include="Animation.cpp">
      <Filter>Source Files\Framework</Filter>
    </ClCompile>
    <ClCompile Include="AnimationFrame.cpp">
      <Filter>Source Files\Framework</Filter>
    </ClCompile>
    <ClCompile Include="Animations.cpp">
      <Filter>Source Files\Framework</Filter>
    </ClCompile>
    <ClCompile Include="Debug.cpp">
      <Filter>Source Files\Framework</Filter>
    </ClCompile>
    <ClCompile Include="KeyHandler.cpp">
      <Filter>Source Files\Framework</Filter>
    </ClCompile>
    <ClCompile Include="Sprite.cpp">
      <Filter>Source Files\Framework</Filter>
    </ClCompile>
    <ClCompile Include="Sprites.cpp">
      <Filter>Source Files\Framework</Filter>
    </ClCompile>
    <ClCompile Include="MoveableObject.cpp">
      <Filter>Source Files\Framework</Filter>
    </ClCompile>
    <ClCompile Include="Utility.cpp">
      <Filter>Source Files\Framework</Filter>
    </ClCompile>
    <ClCompile Include="Camera.cpp">
      <Filter>Source Files\Framework</Filter>
    </ClCompile>
    <ClCompile Include="TiledMap.cpp">
      <Filter>Source Files\Framework\TiledJsonParser</Filter>
    </ClCompile>
    <ClCompile Include="Maps.cpp">
      <Filter>Source Files\Framework</Filter>
    </ClCompile>
    <ClCompile Include="TiledTileset.cpp">
      <Filter>Source Files\Framework\TiledJsonParser</Filter>
    </ClCompile>
    <ClCompile Include="TiledTile.cpp">
      <Filter>Source Files\Framework\TiledJsonParser</Filter>
    </ClCompile>
    <ClCompile Include="TiledLayer.cpp">
      <Filter>Source Files\Framework\TiledJsonParser</Filter>
    </ClCompile>
    <ClCompile Include="TiledObject.cpp">
      <Filter>Source Files\Framework\TiledJsonParser</Filter>
    </ClCompile>
    <ClCompile Include="UnseenForce.cpp">
      <Filter>Source Files\Objects</Filter>
    </ClCompile>
    <ClCompile Include="Timer.cpp">
      <Filter>Source Files\Framework</Filter>
    </ClCompile>
    <ClCompile Include="BigHeart.cpp">
      <Filter>Source Files\Objects\items</Filter>
    </ClCompile>
    <ClCompile Include="TimeFreezer.cpp">
      <Filter>Source Files\Framework</Filter>
    </ClCompile>
    <ClCompile Include="ItemObject.cpp">
      <Filter>Source Files\Objects\items</Filter>
    </ClCompile>
    <ClCompile Include="RopeItem.cpp">
      <Filter>Source Files\Objects\items</Filter>
    </ClCompile>
    <ClCompile Include="OverlayBoard.cpp">
      <Filter>Source Files\Objects\overlayboard</Filter>
    </ClCompile>
    <ClCompile Include="EffectObject.cpp">
      <Filter>Source Files\Objects\effects</Filter>
    </ClCompile>
    <ClCompile Include="FlameEffect.cpp">
      <Filter>Source Files\Objects\effects</Filter>
    </ClCompile>
    <ClCompile Include="ItemHolder.cpp">
      <Filter>Source Files\Objects\itemholders</Filter>
    </ClCompile>
    <ClCompile Include="Torch.cpp">
      <Filter>Source Files\Objects\itemholders</Filter>
    </ClCompile>
    <ClCompile Include="Simon.cpp">
      <Filter>Source Files\Objects\simon</Filter>
    </ClCompile>
    <ClCompile Include="SimonRope.cpp">
      <Filter>Source Files\Objects\simon</Filter>
    </ClCompile>
    <ClCompile Include="ItemFrame.cpp">
      <Filter>Source Files\Objects\overlayboard</Filter>
    </ClCompile>
    <ClCompile Include="DaggerItem.cpp">
      <Filter>Source Files\Objects\items</Filter>
    </ClCompile>
    <ClCompile Include="Dagger.cpp">
      <Filter>Source Files\Objects\simon\weapons\dagger</Filter>
    </ClCompile>
    <ClCompile Include="DaggerProjectile.cpp">
      <Filter>Source Files\Objects\simon\weapons\dagger</Filter>
    </ClCompile>
    <ClCompile Include="EventObject.cpp">
      <Filter>Source Files\Objects\events</Filter>
    </ClCompile>
    <ClCompile Include="AutoWalkEvent.cpp">
      <Filter>Source Files\Objects\events</Filter>
    </ClCompile>
    <ClCompile Include="TeleportEvent.cpp">
      <Filter>Source Files\Objects\events</Filter>
    </ClCompile>
    <ClCompile Include="Candle.cpp">
      <Filter>Source Files\Objects\itemholders</Filter>
    </ClCompile>
    <ClCompile Include="TinyHeart.cpp">
      <Filter>Source Files\Objects\items</Filter>
    </ClCompile>
    <ClCompile Include="Monster.cpp">
      <Filter>Source Files\Objects\monsters</Filter>
    </ClCompile>
    <ClCompile Include="ZombieSpawner.h">
      <Filter>Header Files\Objects\monsters\spawner</Filter>
    </ClCompile>
    <ClCompile Include="Spawner.cpp">
      <Filter>Source Files\Objects\monsters\spawner</Filter>
    </ClCompile>
    <ClCompile Include="ZombieSpawner.cpp">
      <Filter>Source Files\Objects\monsters\spawner</Filter>
    </ClCompile>
    <ClCompile Include="AutoMover.cpp">
      <Filter>Source Files\Objects</Filter>
    </ClCompile>
    <ClCompile Include="Stairs.cpp">
      <Filter>Source Files\Objects\stair</Filter>
    </ClCompile>
    <ClCompile Include="Zombie.cpp">
      <Filter>Source Files\Objects\monsters</Filter>
    </ClCompile>
  </ItemGroup>
</Project>